// !$*UTF8*$!
{
	archiveVersion = 1;
	classes = {
	};
	objectVersion = 50;
	objects = {

/* Begin PBXBuildFile section */
		F421868125CA521400212456 /* AppDelegate.swift in Sources */ = {isa = PBXBuildFile; fileRef = F421868025CA521400212456 /* AppDelegate.swift */; };
		F421868325CA521400212456 /* SceneDelegate.swift in Sources */ = {isa = PBXBuildFile; fileRef = F421868225CA521400212456 /* SceneDelegate.swift */; };
		F421868525CA521400212456 /* ViewController.swift in Sources */ = {isa = PBXBuildFile; fileRef = F421868425CA521400212456 /* ViewController.swift */; };
		F421868825CA521400212456 /* Main.storyboard in Resources */ = {isa = PBXBuildFile; fileRef = F421868625CA521400212456 /* Main.storyboard */; };
		F421868A25CA521500212456 /* Assets.xcassets in Resources */ = {isa = PBXBuildFile; fileRef = F421868925CA521500212456 /* Assets.xcassets */; };
		F421868D25CA521500212456 /* LaunchScreen.storyboard in Resources */ = {isa = PBXBuildFile; fileRef = F421868B25CA521500212456 /* LaunchScreen.storyboard */; };
		F421869825CA521500212456 /* AppCardTests.swift in Sources */ = {isa = PBXBuildFile; fileRef = F421869725CA521500212456 /* AppCardTests.swift */; };
		F42186A325CA521500212456 /* AppCardUITests.swift in Sources */ = {isa = PBXBuildFile; fileRef = F42186A225CA521500212456 /* AppCardUITests.swift */; };
/* End PBXBuildFile section */

/* Begin PBXContainerItemProxy section */
		F421869425CA521500212456 /* PBXContainerItemProxy */ = {
			isa = PBXContainerItemProxy;
			containerPortal = F421867525CA521300212456 /* Project object */;
			proxyType = 1;
			remoteGlobalIDString = F421867C25CA521400212456;
			remoteInfo = AppCard;
		};
		F421869F25CA521500212456 /* PBXContainerItemProxy */ = {
			isa = PBXContainerItemProxy;
			containerPortal = F421867525CA521300212456 /* Project object */;
			proxyType = 1;
			remoteGlobalIDString = F421867C25CA521400212456;
			remoteInfo = AppCard;
		};
/* End PBXContainerItemProxy section */

/* Begin PBXFileReference section */
		F421867D25CA521400212456 /* AppCard.app */ = {isa = PBXFileReference; explicitFileType = wrapper.application; includeInIndex = 0; path = AppCard.app; sourceTree = BUILT_PRODUCTS_DIR; };
		F421868025CA521400212456 /* AppDelegate.swift */ = {isa = PBXFileReference; lastKnownFileType = sourcecode.swift; path = AppDelegate.swift; sourceTree = "<group>"; };
		F421868225CA521400212456 /* SceneDelegate.swift */ = {isa = PBXFileReference; lastKnownFileType = sourcecode.swift; path = SceneDelegate.swift; sourceTree = "<group>"; };
		F421868425CA521400212456 /* ViewController.swift */ = {isa = PBXFileReference; lastKnownFileType = sourcecode.swift; path = ViewController.swift; sourceTree = "<group>"; };
		F421868725CA521400212456 /* Base */ = {isa = PBXFileReference; lastKnownFileType = file.storyboard; name = Base; path = Base.lproj/Main.storyboard; sourceTree = "<group>"; };
		F421868925CA521500212456 /* Assets.xcassets */ = {isa = PBXFileReference; lastKnownFileType = folder.assetcatalog; path = Assets.xcassets; sourceTree = "<group>"; };
		F421868C25CA521500212456 /* Base */ = {isa = PBXFileReference; lastKnownFileType = file.storyboard; name = Base; path = Base.lproj/LaunchScreen.storyboard; sourceTree = "<group>"; };
		F421868E25CA521500212456 /* Info.plist */ = {isa = PBXFileReference; lastKnownFileType = text.plist.xml; path = Info.plist; sourceTree = "<group>"; };
		F421869325CA521500212456 /* AppCardTests.xctest */ = {isa = PBXFileReference; explicitFileType = wrapper.cfbundle; includeInIndex = 0; path = AppCardTests.xctest; sourceTree = BUILT_PRODUCTS_DIR; };
		F421869725CA521500212456 /* AppCardTests.swift */ = {isa = PBXFileReference; lastKnownFileType = sourcecode.swift; path = AppCardTests.swift; sourceTree = "<group>"; };
		F421869925CA521500212456 /* Info.plist */ = {isa = PBXFileReference; lastKnownFileType = text.plist.xml; path = Info.plist; sourceTree = "<group>"; };
		F421869E25CA521500212456 /* AppCardUITests.xctest */ = {isa = PBXFileReference; explicitFileType = wrapper.cfbundle; includeInIndex = 0; path = AppCardUITests.xctest; sourceTree = BUILT_PRODUCTS_DIR; };
		F42186A225CA521500212456 /* AppCardUITests.swift */ = {isa = PBXFileReference; lastKnownFileType = sourcecode.swift; path = AppCardUITests.swift; sourceTree = "<group>"; };
		F42186A425CA521500212456 /* Info.plist */ = {isa = PBXFileReference; lastKnownFileType = text.plist.xml; path = Info.plist; sourceTree = "<group>"; };
/* End PBXFileReference section */

/* Begin PBXFrameworksBuildPhase section */
		F421867A25CA521400212456 /* Frameworks */ = {
			isa = PBXFrameworksBuildPhase;
			buildActionMask = 2147483647;
			files = (
			);
			runOnlyForDeploymentPostprocessing = 0;
		};
		F421869025CA521500212456 /* Frameworks */ = {
			isa = PBXFrameworksBuildPhase;
			buildActionMask = 2147483647;
			files = (
			);
			runOnlyForDeploymentPostprocessing = 0;
		};
		F421869B25CA521500212456 /* Frameworks */ = {
			isa = PBXFrameworksBuildPhase;
			buildActionMask = 2147483647;
			files = (
			);
			runOnlyForDeploymentPostprocessing = 0;
		};
/* End PBXFrameworksBuildPhase section */

/* Begin PBXGroup section */
		F421867425CA521300212456 = {
			isa = PBXGroup;
			children = (
				F421867F25CA521400212456 /* AppCard */,
				F421869625CA521500212456 /* AppCardTests */,
				F42186A125CA521500212456 /* AppCardUITests */,
				F421867E25CA521400212456 /* Products */,
			);
			sourceTree = "<group>";
		};
		F421867E25CA521400212456 /* Products */ = {
			isa = PBXGroup;
			children = (
				F421867D25CA521400212456 /* AppCard.app */,
				F421869325CA521500212456 /* AppCardTests.xctest */,
				F421869E25CA521500212456 /* AppCardUITests.xctest */,
			);
			name = Products;
			sourceTree = "<group>";
		};
		F421867F25CA521400212456 /* AppCard */ = {
			isa = PBXGroup;
			children = (
				F421868025CA521400212456 /* AppDelegate.swift */,
				F421868225CA521400212456 /* SceneDelegate.swift */,
				F421868425CA521400212456 /* ViewController.swift */,
				F421868625CA521400212456 /* Main.storyboard */,
				F421868925CA521500212456 /* Assets.xcassets */,
				F421868B25CA521500212456 /* LaunchScreen.storyboard */,
				F421868E25CA521500212456 /* Info.plist */,
			);
			path = AppCard;
			sourceTree = "<group>";
		};
		F421869625CA521500212456 /* AppCardTests */ = {
			isa = PBXGroup;
			children = (
				F421869725CA521500212456 /* AppCardTests.swift */,
				F421869925CA521500212456 /* Info.plist */,
			);
			path = AppCardTests;
			sourceTree = "<group>";
		};
		F42186A125CA521500212456 /* AppCardUITests */ = {
			isa = PBXGroup;
			children = (
				F42186A225CA521500212456 /* AppCardUITests.swift */,
				F42186A425CA521500212456 /* Info.plist */,
			);
			path = AppCardUITests;
			sourceTree = "<group>";
		};
/* End PBXGroup section */

/* Begin PBXNativeTarget section */
		F421867C25CA521400212456 /* AppCard */ = {
			isa = PBXNativeTarget;
			buildConfigurationList = F42186A725CA521500212456 /* Build configuration list for PBXNativeTarget "AppCard" */;
			buildPhases = (
				F421867925CA521400212456 /* Sources */,
				F421867A25CA521400212456 /* Frameworks */,
				F421867B25CA521400212456 /* Resources */,
			);
			buildRules = (
			);
			dependencies = (
			);
			name = AppCard;
			productName = AppCard;
			productReference = F421867D25CA521400212456 /* AppCard.app */;
			productType = "com.apple.product-type.application";
		};
		F421869225CA521500212456 /* AppCardTests */ = {
			isa = PBXNativeTarget;
			buildConfigurationList = F42186AA25CA521500212456 /* Build configuration list for PBXNativeTarget "AppCardTests" */;
			buildPhases = (
				F421868F25CA521500212456 /* Sources */,
				F421869025CA521500212456 /* Frameworks */,
				F421869125CA521500212456 /* Resources */,
			);
			buildRules = (
			);
			dependencies = (
				F421869525CA521500212456 /* PBXTargetDependency */,
			);
			name = AppCardTests;
			productName = AppCardTests;
			productReference = F421869325CA521500212456 /* AppCardTests.xctest */;
			productType = "com.apple.product-type.bundle.unit-test";
		};
		F421869D25CA521500212456 /* AppCardUITests */ = {
			isa = PBXNativeTarget;
			buildConfigurationList = F42186AD25CA521500212456 /* Build configuration list for PBXNativeTarget "AppCardUITests" */;
			buildPhases = (
				F421869A25CA521500212456 /* Sources */,
				F421869B25CA521500212456 /* Frameworks */,
				F421869C25CA521500212456 /* Resources */,
			);
			buildRules = (
			);
			dependencies = (
				F42186A025CA521500212456 /* PBXTargetDependency */,
			);
			name = AppCardUITests;
			productName = AppCardUITests;
			productReference = F421869E25CA521500212456 /* AppCardUITests.xctest */;
			productType = "com.apple.product-type.bundle.ui-testing";
		};
/* End PBXNativeTarget section */

/* Begin PBXProject section */
		F421867525CA521300212456 /* Project object */ = {
			isa = PBXProject;
			attributes = {
				LastSwiftUpdateCheck = 1200;
				LastUpgradeCheck = 1200;
				TargetAttributes = {
					F421867C25CA521400212456 = {
						CreatedOnToolsVersion = 12.0;
					};
					F421869225CA521500212456 = {
						CreatedOnToolsVersion = 12.0;
						TestTargetID = F421867C25CA521400212456;
					};
					F421869D25CA521500212456 = {
						CreatedOnToolsVersion = 12.0;
						TestTargetID = F421867C25CA521400212456;
					};
				};
			};
			buildConfigurationList = F421867825CA521300212456 /* Build configuration list for PBXProject "AppCard" */;
			compatibilityVersion = "Xcode 9.3";
			developmentRegion = en;
			hasScannedForEncodings = 0;
			knownRegions = (
				en,
				Base,
			);
			mainGroup = F421867425CA521300212456;
			productRefGroup = F421867E25CA521400212456 /* Products */;
			projectDirPath = "";
			projectRoot = "";
			targets = (
				F421867C25CA521400212456 /* AppCard */,
				F421869225CA521500212456 /* AppCardTests */,
				F421869D25CA521500212456 /* AppCardUITests */,
			);
		};
/* End PBXProject section */

/* Begin PBXResourcesBuildPhase section */
		F421867B25CA521400212456 /* Resources */ = {
			isa = PBXResourcesBuildPhase;
			buildActionMask = 2147483647;
			files = (
				F421868D25CA521500212456 /* LaunchScreen.storyboard in Resources */,
				F421868A25CA521500212456 /* Assets.xcassets in Resources */,
				F421868825CA521400212456 /* Main.storyboard in Resources */,
			);
			runOnlyForDeploymentPostprocessing = 0;
		};
		F421869125CA521500212456 /* Resources */ = {
			isa = PBXResourcesBuildPhase;
			buildActionMask = 2147483647;
			files = (
			);
			runOnlyForDeploymentPostprocessing = 0;
		};
		F421869C25CA521500212456 /* Resources */ = {
			isa = PBXResourcesBuildPhase;
			buildActionMask = 2147483647;
			files = (
			);
			runOnlyForDeploymentPostprocessing = 0;
		};
/* End PBXResourcesBuildPhase section */

/* Begin PBXSourcesBuildPhase section */
		F421867925CA521400212456 /* Sources */ = {
			isa = PBXSourcesBuildPhase;
			buildActionMask = 2147483647;
			files = (
				F421868525CA521400212456 /* ViewController.swift in Sources */,
				F421868125CA521400212456 /* AppDelegate.swift in Sources */,
				F421868325CA521400212456 /* SceneDelegate.swift in Sources */,
			);
			runOnlyForDeploymentPostprocessing = 0;
		};
		F421868F25CA521500212456 /* Sources */ = {
			isa = PBXSourcesBuildPhase;
			buildActionMask = 2147483647;
			files = (
				F421869825CA521500212456 /* AppCardTests.swift in Sources */,
			);
			runOnlyForDeploymentPostprocessing = 0;
		};
		F421869A25CA521500212456 /* Sources */ = {
			isa = PBXSourcesBuildPhase;
			buildActionMask = 2147483647;
			files = (
				F42186A325CA521500212456 /* AppCardUITests.swift in Sources */,
			);
			runOnlyForDeploymentPostprocessing = 0;
		};
/* End PBXSourcesBuildPhase section */

/* Begin PBXTargetDependency section */
		F421869525CA521500212456 /* PBXTargetDependency */ = {
			isa = PBXTargetDependency;
			target = F421867C25CA521400212456 /* AppCard */;
			targetProxy = F421869425CA521500212456 /* PBXContainerItemProxy */;
		};
		F42186A025CA521500212456 /* PBXTargetDependency */ = {
			isa = PBXTargetDependency;
			target = F421867C25CA521400212456 /* AppCard */;
			targetProxy = F421869F25CA521500212456 /* PBXContainerItemProxy */;
		};
/* End PBXTargetDependency section */

/* Begin PBXVariantGroup section */
		F421868625CA521400212456 /* Main.storyboard */ = {
			isa = PBXVariantGroup;
			children = (
				F421868725CA521400212456 /* Base */,
			);
			name = Main.storyboard;
			sourceTree = "<group>";
		};
		F421868B25CA521500212456 /* LaunchScreen.storyboard */ = {
			isa = PBXVariantGroup;
			children = (
				F421868C25CA521500212456 /* Base */,
			);
			name = LaunchScreen.storyboard;
			sourceTree = "<group>";
		};
/* End PBXVariantGroup section */

/* Begin XCBuildConfiguration section */
		F42186A525CA521500212456 /* Debug */ = {
			isa = XCBuildConfiguration;
			buildSettings = {
				ALWAYS_SEARCH_USER_PATHS = NO;
				CLANG_ANALYZER_NONNULL = YES;
				CLANG_ANALYZER_NUMBER_OBJECT_CONVERSION = YES_AGGRESSIVE;
				CLANG_CXX_LANGUAGE_STANDARD = "gnu++14";
				CLANG_CXX_LIBRARY = "libc++";
				CLANG_ENABLE_MODULES = YES;
				CLANG_ENABLE_OBJC_ARC = YES;
				CLANG_ENABLE_OBJC_WEAK = YES;
				CLANG_WARN_BLOCK_CAPTURE_AUTORELEASING = YES;
				CLANG_WARN_BOOL_CONVERSION = YES;
				CLANG_WARN_COMMA = YES;
				CLANG_WARN_CONSTANT_CONVERSION = YES;
				CLANG_WARN_DEPRECATED_OBJC_IMPLEMENTATIONS = YES;
				CLANG_WARN_DIRECT_OBJC_ISA_USAGE = YES_ERROR;
				CLANG_WARN_DOCUMENTATION_COMMENTS = YES;
				CLANG_WARN_EMPTY_BODY = YES;
				CLANG_WARN_ENUM_CONVERSION = YES;
				CLANG_WARN_INFINITE_RECURSION = YES;
				CLANG_WARN_INT_CONVERSION = YES;
				CLANG_WARN_NON_LITERAL_NULL_CONVERSION = YES;
				CLANG_WARN_OBJC_IMPLICIT_RETAIN_SELF = YES;
				CLANG_WARN_OBJC_LITERAL_CONVERSION = YES;
				CLANG_WARN_OBJC_ROOT_CLASS = YES_ERROR;
				CLANG_WARN_QUOTED_INCLUDE_IN_FRAMEWORK_HEADER = YES;
				CLANG_WARN_RANGE_LOOP_ANALYSIS = YES;
				CLANG_WARN_STRICT_PROTOTYPES = YES;
				CLANG_WARN_SUSPICIOUS_MOVE = YES;
				CLANG_WARN_UNGUARDED_AVAILABILITY = YES_AGGRESSIVE;
				CLANG_WARN_UNREACHABLE_CODE = YES;
				CLANG_WARN__DUPLICATE_METHOD_MATCH = YES;
				COPY_PHASE_STRIP = NO;
				DEBUG_INFORMATION_FORMAT = dwarf;
				ENABLE_STRICT_OBJC_MSGSEND = YES;
				ENABLE_TESTABILITY = YES;
				GCC_C_LANGUAGE_STANDARD = gnu11;
				GCC_DYNAMIC_NO_PIC = NO;
				GCC_NO_COMMON_BLOCKS = YES;
				GCC_OPTIMIZATION_LEVEL = 0;
				GCC_PREPROCESSOR_DEFINITIONS = (
					"DEBUG=1",
					"$(inherited)",
				);
				GCC_WARN_64_TO_32_BIT_CONVERSION = YES;
				GCC_WARN_ABOUT_RETURN_TYPE = YES_ERROR;
				GCC_WARN_UNDECLARED_SELECTOR = YES;
				GCC_WARN_UNINITIALIZED_AUTOS = YES_AGGRESSIVE;
				GCC_WARN_UNUSED_FUNCTION = YES;
				GCC_WARN_UNUSED_VARIABLE = YES;
				IPHONEOS_DEPLOYMENT_TARGET = 14.0;
				MTL_ENABLE_DEBUG_INFO = INCLUDE_SOURCE;
				MTL_FAST_MATH = YES;
				ONLY_ACTIVE_ARCH = YES;
				SDKROOT = iphoneos;
				SWIFT_ACTIVE_COMPILATION_CONDITIONS = DEBUG;
				SWIFT_OPTIMIZATION_LEVEL = "-Onone";
			};
			name = Debug;
		};
		F42186A625CA521500212456 /* Release */ = {
			isa = XCBuildConfiguration;
			buildSettings = {
				ALWAYS_SEARCH_USER_PATHS = NO;
				CLANG_ANALYZER_NONNULL = YES;
				CLANG_ANALYZER_NUMBER_OBJECT_CONVERSION = YES_AGGRESSIVE;
				CLANG_CXX_LANGUAGE_STANDARD = "gnu++14";
				CLANG_CXX_LIBRARY = "libc++";
				CLANG_ENABLE_MODULES = YES;
				CLANG_ENABLE_OBJC_ARC = YES;
				CLANG_ENABLE_OBJC_WEAK = YES;
				CLANG_WARN_BLOCK_CAPTURE_AUTORELEASING = YES;
				CLANG_WARN_BOOL_CONVERSION = YES;
				CLANG_WARN_COMMA = YES;
				CLANG_WARN_CONSTANT_CONVERSION = YES;
				CLANG_WARN_DEPRECATED_OBJC_IMPLEMENTATIONS = YES;
				CLANG_WARN_DIRECT_OBJC_ISA_USAGE = YES_ERROR;
				CLANG_WARN_DOCUMENTATION_COMMENTS = YES;
				CLANG_WARN_EMPTY_BODY = YES;
				CLANG_WARN_ENUM_CONVERSION = YES;
				CLANG_WARN_INFINITE_RECURSION = YES;
				CLANG_WARN_INT_CONVERSION = YES;
				CLANG_WARN_NON_LITERAL_NULL_CONVERSION = YES;
				CLANG_WARN_OBJC_IMPLICIT_RETAIN_SELF = YES;
				CLANG_WARN_OBJC_LITERAL_CONVERSION = YES;
				CLANG_WARN_OBJC_ROOT_CLASS = YES_ERROR;
				CLANG_WARN_QUOTED_INCLUDE_IN_FRAMEWORK_HEADER = YES;
				CLANG_WARN_RANGE_LOOP_ANALYSIS = YES;
				CLANG_WARN_STRICT_PROTOTYPES = YES;
				CLANG_WARN_SUSPICIOUS_MOVE = YES;
				CLANG_WARN_UNGUARDED_AVAILABILITY = YES_AGGRESSIVE;
				CLANG_WARN_UNREACHABLE_CODE = YES;
				CLANG_WARN__DUPLICATE_METHOD_MATCH = YES;
				COPY_PHASE_STRIP = NO;
				DEBUG_INFORMATION_FORMAT = "dwarf-with-dsym";
				ENABLE_NS_ASSERTIONS = NO;
				ENABLE_STRICT_OBJC_MSGSEND = YES;
				GCC_C_LANGUAGE_STANDARD = gnu11;
				GCC_NO_COMMON_BLOCKS = YES;
				GCC_WARN_64_TO_32_BIT_CONVERSION = YES;
				GCC_WARN_ABOUT_RETURN_TYPE = YES_ERROR;
				GCC_WARN_UNDECLARED_SELECTOR = YES;
				GCC_WARN_UNINITIALIZED_AUTOS = YES_AGGRESSIVE;
				GCC_WARN_UNUSED_FUNCTION = YES;
				GCC_WARN_UNUSED_VARIABLE = YES;
				IPHONEOS_DEPLOYMENT_TARGET = 14.0;
				MTL_ENABLE_DEBUG_INFO = NO;
				MTL_FAST_MATH = YES;
				SDKROOT = iphoneos;
				SWIFT_COMPILATION_MODE = wholemodule;
				SWIFT_OPTIMIZATION_LEVEL = "-O";
				VALIDATE_PRODUCT = YES;
			};
			name = Release;
		};
		F42186A825CA521500212456 /* Debug */ = {
			isa = XCBuildConfiguration;
			buildSettings = {
				ASSETCATALOG_COMPILER_APPICON_NAME = AppIcon;
				ASSETCATALOG_COMPILER_GLOBAL_ACCENT_COLOR_NAME = AccentColor;
				CODE_SIGN_STYLE = Automatic;
				DEVELOPMENT_TEAM = F4K8647423;
				INFOPLIST_FILE = AppCard/Info.plist;
				LD_RUNPATH_SEARCH_PATHS = (
					"$(inherited)",
					"@executable_path/Frameworks",
				);
				PRODUCT_BUNDLE_IDENTIFIER = com.hjoon.AppCard;
				PRODUCT_NAME = "$(TARGET_NAME)";
				SWIFT_VERSION = 5.0;
				TARGETED_DEVICE_FAMILY = 1;
			};
			name = Debug;
		};
		F42186A925CA521500212456 /* Release */ = {
			isa = XCBuildConfiguration;
			buildSettings = {
				ASSETCATALOG_COMPILER_APPICON_NAME = AppIcon;
				ASSETCATALOG_COMPILER_GLOBAL_ACCENT_COLOR_NAME = AccentColor;
				CODE_SIGN_STYLE = Automatic;
				DEVELOPMENT_TEAM = F4K8647423;
				INFOPLIST_FILE = AppCard/Info.plist;
				LD_RUNPATH_SEARCH_PATHS = (
					"$(inherited)",
					"@executable_path/Frameworks",
				);
				PRODUCT_BUNDLE_IDENTIFIER = com.hjoon.AppCard;
				PRODUCT_NAME = "$(TARGET_NAME)";
				SWIFT_VERSION = 5.0;
				TARGETED_DEVICE_FAMILY = 1;
			};
			name = Release;
		};
		F42186AB25CA521500212456 /* Debug */ = {
			isa = XCBuildConfiguration;
			buildSettings = {
				ALWAYS_EMBED_SWIFT_STANDARD_LIBRARIES = YES;
				BUNDLE_LOADER = "$(TEST_HOST)";
				CODE_SIGN_STYLE = Automatic;
				DEVELOPMENT_TEAM = F4K8647423;
				INFOPLIST_FILE = AppCardTests/Info.plist;
				IPHONEOS_DEPLOYMENT_TARGET = 14.0;
				LD_RUNPATH_SEARCH_PATHS = (
					"$(inherited)",
					"@executable_path/Frameworks",
					"@loader_path/Frameworks",
				);
				PRODUCT_BUNDLE_IDENTIFIER = com.hjoon.AppCardTests;
				PRODUCT_NAME = "$(TARGET_NAME)";
				SWIFT_VERSION = 5.0;
				TARGETED_DEVICE_FAMILY = "1,2";
				TEST_HOST = "$(BUILT_PRODUCTS_DIR)/AppCard.app/AppCard";
			};
			name = Debug;
		};
		F42186AC25CA521500212456 /* Release */ = {
			isa = XCBuildConfiguration;
			buildSettings = {
				ALWAYS_EMBED_SWIFT_STANDARD_LIBRARIES = YES;
				BUNDLE_LOADER = "$(TEST_HOST)";
				CODE_SIGN_STYLE = Automatic;
				DEVELOPMENT_TEAM = F4K8647423;
				INFOPLIST_FILE = AppCardTests/Info.plist;
				IPHONEOS_DEPLOYMENT_TARGET = 14.0;
				LD_RUNPATH_SEARCH_PATHS = (
					"$(inherited)",
					"@executable_path/Frameworks",
					"@loader_path/Frameworks",
				);
				PRODUCT_BUNDLE_IDENTIFIER = com.hjoon.AppCardTests;
				PRODUCT_NAME = "$(TARGET_NAME)";
				SWIFT_VERSION = 5.0;
				TARGETED_DEVICE_FAMILY = "1,2";
				TEST_HOST = "$(BUILT_PRODUCTS_DIR)/AppCard.app/AppCard";
			};
			name = Release;
		};
		F42186AE25CA521500212456 /* Debug */ = {
			isa = XCBuildConfiguration;
			buildSettings = {
				ALWAYS_EMBED_SWIFT_STANDARD_LIBRARIES = YES;
				CODE_SIGN_STYLE = Automatic;
				DEVELOPMENT_TEAM = F4K8647423;
				INFOPLIST_FILE = AppCardUITests/Info.plist;
				LD_RUNPATH_SEARCH_PATHS = (
					"$(inherited)",
					"@executable_path/Frameworks",
					"@loader_path/Frameworks",
				);
				PRODUCT_BUNDLE_IDENTIFIER = com.hjoon.AppCardUITests;
				PRODUCT_NAME = "$(TARGET_NAME)";
				SWIFT_VERSION = 5.0;
				TARGETED_DEVICE_FAMILY = "1,2";
				TEST_TARGET_NAME = AppCard;
			};
			name = Debug;
		};
		F42186AF25CA521500212456 /* Release */ = {
			isa = XCBuildConfiguration;
			buildSettings = {
				ALWAYS_EMBED_SWIFT_STANDARD_LIBRARIES = YES;
				CODE_SIGN_STYLE = Automatic;
				DEVELOPMENT_TEAM = F4K8647423;
				INFOPLIST_FILE = AppCardUITests/Info.plist;
				LD_RUNPATH_SEARCH_PATHS = (
					"$(inherited)",
					"@executable_path/Frameworks",
					"@loader_path/Frameworks",
				);
				PRODUCT_BUNDLE_IDENTIFIER = com.hjoon.AppCardUITests;
				PRODUCT_NAME = "$(TARGET_NAME)";
				SWIFT_VERSION = 5.0;
				TARGETED_DEVICE_FAMILY = "1,2";
				TEST_TARGET_NAME = AppCard;
			};
			name = Release;
		};
/* End XCBuildConfiguration section */

/* Begin XCConfigurationList section */
		F421867825CA521300212456 /* Build configuration list for PBXProject "AppCard" */ = {
			isa = XCConfigurationList;
			buildConfigurations = (
				F42186A525CA521500212456 /* Debug */,
				F42186A625CA521500212456 /* Release */,
			);
			defaultConfigurationIsVisible = 0;
			defaultConfigurationName = Release;
		};
		F42186A725CA521500212456 /* Build configuration list for PBXNativeTarget "AppCard" */ = {
			isa = XCConfigurationList;
			buildConfigurations = (
				F42186A825CA521500212456 /* Debug */,
				F42186A925CA521500212456 /* Release */,
			);
			defaultConfigurationIsVisible = 0;
			defaultConfigurationName = Release;
		};
		F42186AA25CA521500212456 /* Build configuration list for PBXNativeTarget "AppCardTests" */ = {
			isa = XCConfigurationList;
			buildConfigurations = (
				F42186AB25CA521500212456 /* Debug */,
				F42186AC25CA521500212456 /* Release */,
			);
			defaultConfigurationIsVisible = 0;
			defaultConfigurationName = Release;
		};
		F42186AD25CA521500212456 /* Build configuration list for PBXNativeTarget "AppCardUITests" */ = {
			isa = XCConfigurationList;
			buildConfigurations = (
				F42186AE25CA521500212456 /* Debug */,
				F42186AF25CA521500212456 /* Release */,
			);
			defaultConfigurationIsVisible = 0;
			defaultConfigurationName = Release;
		};
/* End XCConfigurationList section */
	};
	rootObject = F421867525CA521300212456 /* Project object */;
}
