// !$*UTF8*$!
{
	archiveVersion = 1;
	classes = {
	};
	objectVersion = 50;
	objects = {

/* Begin PBXBuildFile section */
		0B2882D55D809CCF3A2DF497 /* libPods-AppCardTests.a in Frameworks */ = {isa = PBXBuildFile; fileRef = 34ECA28379F1D4CF3B75EC7F /* libPods-AppCardTests.a */; };
		32DF89E4A2D61A2E0C8EA6D6 /* libPods-AppCard.a in Frameworks */ = {isa = PBXBuildFile; fileRef = 975DB45DA9132779863DF673 /* libPods-AppCard.a */; };
		F421868125CA521400212456 /* AppDelegate.swift in Sources */ = {isa = PBXBuildFile; fileRef = F421868025CA521400212456 /* AppDelegate.swift */; };
		F421868A25CA521500212456 /* Assets.xcassets in Resources */ = {isa = PBXBuildFile; fileRef = F421868925CA521500212456 /* Assets.xcassets */; };
		F421868D25CA521500212456 /* LaunchScreen.storyboard in Resources */ = {isa = PBXBuildFile; fileRef = F421868B25CA521500212456 /* LaunchScreen.storyboard */; };
		F421869825CA521500212456 /* AppCardTests.swift in Sources */ = {isa = PBXBuildFile; fileRef = F421869725CA521500212456 /* AppCardTests.swift */; };
		F42186A325CA521500212456 /* AppCardUITests.swift in Sources */ = {isa = PBXBuildFile; fileRef = F42186A225CA521500212456 /* AppCardUITests.swift */; };
		F42186DA25CA571900212456 /* MainPresenter.swift in Sources */ = {isa = PBXBuildFile; fileRef = F42186D425CA571900212456 /* MainPresenter.swift */; };
		F42186DD25CA571900212456 /* MainWorker.swift in Sources */ = {isa = PBXBuildFile; fileRef = F42186D525CA571900212456 /* MainWorker.swift */; };
		F42186E025CA571900212456 /* MainRouter.swift in Sources */ = {isa = PBXBuildFile; fileRef = F42186D625CA571900212456 /* MainRouter.swift */; };
		F42186E325CA571900212456 /* MainModels.swift in Sources */ = {isa = PBXBuildFile; fileRef = F42186D725CA571900212456 /* MainModels.swift */; };
		F42186E625CA571900212456 /* MainViewController.swift in Sources */ = {isa = PBXBuildFile; fileRef = F42186D825CA571900212456 /* MainViewController.swift */; };
		F42186E925CA571900212456 /* MainInteractor.swift in Sources */ = {isa = PBXBuildFile; fileRef = F42186D925CA571900212456 /* MainInteractor.swift */; };
		F42186F325CA57DC00212456 /* Config.swift in Sources */ = {isa = PBXBuildFile; fileRef = F42186F225CA57DC00212456 /* Config.swift */; };
		F421870425CA5BCD00212456 /* GoogleService-Info.plist in Resources */ = {isa = PBXBuildFile; fileRef = F421870325CA5BCD00212456 /* GoogleService-Info.plist */; };
		F421870525CA5BCD00212456 /* GoogleService-Info.plist in Resources */ = {isa = PBXBuildFile; fileRef = F421870325CA5BCD00212456 /* GoogleService-Info.plist */; };
		F421870625CA5BCD00212456 /* GoogleService-Info.plist in Resources */ = {isa = PBXBuildFile; fileRef = F421870325CA5BCD00212456 /* GoogleService-Info.plist */; };
		F484D4AB25D11CD50086D971 /* MainInteractorTests.swift in Sources */ = {isa = PBXBuildFile; fileRef = F484D49825D11CD50086D971 /* MainInteractorTests.swift */; };
		F484D4AE25D11CD50086D971 /* MainPresenterTests.swift in Sources */ = {isa = PBXBuildFile; fileRef = F484D49925D11CD50086D971 /* MainPresenterTests.swift */; };
		F484D51625D12FE80086D971 /* appcard-export.json in Resources */ = {isa = PBXBuildFile; fileRef = F484D51525D12FE80086D971 /* appcard-export.json */; };
		F484D51F25D1309B0086D971 /* XCTextCase+Extension.swift in Sources */ = {isa = PBXBuildFile; fileRef = F484D51E25D1309B0086D971 /* XCTextCase+Extension.swift */; };
		F484D52C25D134870086D971 /* Data+Extension.swift in Sources */ = {isa = PBXBuildFile; fileRef = F484D52B25D134870086D971 /* Data+Extension.swift */; };
		F484D53425D15CC00086D971 /* Seeds.swift in Sources */ = {isa = PBXBuildFile; fileRef = F484D53325D15CC00086D971 /* Seeds.swift */; };
		F484D55025D164C40086D971 /* Main.storyboard in Resources */ = {isa = PBXBuildFile; fileRef = F421868625CA521400212456 /* Main.storyboard */; };
		F484D55B25D165280086D971 /* MainViewControllerTests.swift in Sources */ = {isa = PBXBuildFile; fileRef = F484D49725D11CD50086D971 /* MainViewControllerTests.swift */; };
		F484D56625D1656C0086D971 /* Main.storyboard in Resources */ = {isa = PBXBuildFile; fileRef = F421868625CA521400212456 /* Main.storyboard */; };
		F484D59D25D165F30086D971 /* MainListCell.swift in Sources */ = {isa = PBXBuildFile; fileRef = F49DA51125CD60A300FF936C /* MainListCell.swift */; };
		F484D5A125D165F30086D971 /* MainListCell.swift in Sources */ = {isa = PBXBuildFile; fileRef = F49DA51125CD60A300FF936C /* MainListCell.swift */; };
		F484D5A525D165F60086D971 /* MainNotiCell.swift in Sources */ = {isa = PBXBuildFile; fileRef = F49DECCF25CE8B2200DB8621 /* MainNotiCell.swift */; };
		F484D5A925D165F70086D971 /* MainNotiCell.swift in Sources */ = {isa = PBXBuildFile; fileRef = F49DECCF25CE8B2200DB8621 /* MainNotiCell.swift */; };
		F484D5AD25D165FA0086D971 /* MainNoBackCell.swift in Sources */ = {isa = PBXBuildFile; fileRef = F49DECD625CE8B4400DB8621 /* MainNoBackCell.swift */; };
		F484D5B125D165FB0086D971 /* MainNoBackCell.swift in Sources */ = {isa = PBXBuildFile; fileRef = F49DECD625CE8B4400DB8621 /* MainNoBackCell.swift */; };
		F484D5B525D165FE0086D971 /* MainPresenter.swift in Sources */ = {isa = PBXBuildFile; fileRef = F42186D425CA571900212456 /* MainPresenter.swift */; };
		F484D5B925D165FE0086D971 /* MainPresenter.swift in Sources */ = {isa = PBXBuildFile; fileRef = F42186D425CA571900212456 /* MainPresenter.swift */; };
		F484D5C225D166040086D971 /* MainRouter.swift in Sources */ = {isa = PBXBuildFile; fileRef = F42186D625CA571900212456 /* MainRouter.swift */; };
		F484D5C625D166040086D971 /* MainRouter.swift in Sources */ = {isa = PBXBuildFile; fileRef = F42186D625CA571900212456 /* MainRouter.swift */; };
		F484D5CA25D166060086D971 /* MainModels.swift in Sources */ = {isa = PBXBuildFile; fileRef = F42186D725CA571900212456 /* MainModels.swift */; };
		F484D5CB25D166060086D971 /* MainModels.swift in Sources */ = {isa = PBXBuildFile; fileRef = F42186D725CA571900212456 /* MainModels.swift */; };
		F484D5CF25D166080086D971 /* MainViewController.swift in Sources */ = {isa = PBXBuildFile; fileRef = F42186D825CA571900212456 /* MainViewController.swift */; };
		F484D5D325D166090086D971 /* MainViewController.swift in Sources */ = {isa = PBXBuildFile; fileRef = F42186D825CA571900212456 /* MainViewController.swift */; };
		F484D5DC25D166170086D971 /* AppDelegate.swift in Sources */ = {isa = PBXBuildFile; fileRef = F421868025CA521400212456 /* AppDelegate.swift */; };
		F484D5E025D166170086D971 /* AppDelegate.swift in Sources */ = {isa = PBXBuildFile; fileRef = F421868025CA521400212456 /* AppDelegate.swift */; };
		F484D5E425D1661B0086D971 /* Config.swift in Sources */ = {isa = PBXBuildFile; fileRef = F42186F225CA57DC00212456 /* Config.swift */; };
		F484D5E825D1661B0086D971 /* Config.swift in Sources */ = {isa = PBXBuildFile; fileRef = F42186F225CA57DC00212456 /* Config.swift */; };
		F484D5EC25D1661E0086D971 /* Main.storyboard in Resources */ = {isa = PBXBuildFile; fileRef = F421868625CA521400212456 /* Main.storyboard */; };
		F484D5F025D166220086D971 /* Assets.xcassets in Resources */ = {isa = PBXBuildFile; fileRef = F421868925CA521500212456 /* Assets.xcassets */; };
		F484D5F425D166220086D971 /* Assets.xcassets in Resources */ = {isa = PBXBuildFile; fileRef = F421868925CA521500212456 /* Assets.xcassets */; };
		F484D5F825D166240086D971 /* LaunchScreen.storyboard in Resources */ = {isa = PBXBuildFile; fileRef = F421868B25CA521500212456 /* LaunchScreen.storyboard */; };
		F484D5F925D166250086D971 /* LaunchScreen.storyboard in Resources */ = {isa = PBXBuildFile; fileRef = F421868B25CA521500212456 /* LaunchScreen.storyboard */; };
		F484D60925D166FD0086D971 /* MainInteractor.swift in Sources */ = {isa = PBXBuildFile; fileRef = F42186D925CA571900212456 /* MainInteractor.swift */; };
		F484D60D25D166FD0086D971 /* MainInteractor.swift in Sources */ = {isa = PBXBuildFile; fileRef = F42186D925CA571900212456 /* MainInteractor.swift */; };
		F484D61125D166FF0086D971 /* MainWorker.swift in Sources */ = {isa = PBXBuildFile; fileRef = F42186D525CA571900212456 /* MainWorker.swift */; };
		F484D61C25D167040086D971 /* FBDatabase.swift in Sources */ = {isa = PBXBuildFile; fileRef = F4D3EB9C25CAC7D1004C58E6 /* FBDatabase.swift */; };
		F49DA51225CD60A300FF936C /* MainListCell.swift in Sources */ = {isa = PBXBuildFile; fileRef = F49DA51125CD60A300FF936C /* MainListCell.swift */; };
		F49DA51925CD674600FF936C /* CALayer+Extension.swift in Sources */ = {isa = PBXBuildFile; fileRef = F49DA51825CD674600FF936C /* CALayer+Extension.swift */; };
		F49DA51A25CD674600FF936C /* CALayer+Extension.swift in Sources */ = {isa = PBXBuildFile; fileRef = F49DA51825CD674600FF936C /* CALayer+Extension.swift */; };
		F49DA51B25CD674600FF936C /* CALayer+Extension.swift in Sources */ = {isa = PBXBuildFile; fileRef = F49DA51825CD674600FF936C /* CALayer+Extension.swift */; };
		F49DECC625CE539000DB8621 /* DateFormatter+Extension.swift in Sources */ = {isa = PBXBuildFile; fileRef = F49DECC525CE539000DB8621 /* DateFormatter+Extension.swift */; };
		F49DECC725CE539000DB8621 /* DateFormatter+Extension.swift in Sources */ = {isa = PBXBuildFile; fileRef = F49DECC525CE539000DB8621 /* DateFormatter+Extension.swift */; };
		F49DECC825CE539000DB8621 /* DateFormatter+Extension.swift in Sources */ = {isa = PBXBuildFile; fileRef = F49DECC525CE539000DB8621 /* DateFormatter+Extension.swift */; };
		F49DECD025CE8B2200DB8621 /* MainNotiCell.swift in Sources */ = {isa = PBXBuildFile; fileRef = F49DECCF25CE8B2200DB8621 /* MainNotiCell.swift */; };
		F49DECD725CE8B4400DB8621 /* MainNoBackCell.swift in Sources */ = {isa = PBXBuildFile; fileRef = F49DECD625CE8B4400DB8621 /* MainNoBackCell.swift */; };
		F4D3EB8025CAB45A004C58E6 /* UIColor+Extension.swift in Sources */ = {isa = PBXBuildFile; fileRef = F4D3EB7F25CAB45A004C58E6 /* UIColor+Extension.swift */; };
		F4D3EB8125CAB45A004C58E6 /* UIColor+Extension.swift in Sources */ = {isa = PBXBuildFile; fileRef = F4D3EB7F25CAB45A004C58E6 /* UIColor+Extension.swift */; };
		F4D3EB8225CAB45A004C58E6 /* UIColor+Extension.swift in Sources */ = {isa = PBXBuildFile; fileRef = F4D3EB7F25CAB45A004C58E6 /* UIColor+Extension.swift */; };
		F4D3EB9625CAC7C2004C58E6 /* FBStorage.swift in Sources */ = {isa = PBXBuildFile; fileRef = F4D3EB9525CAC7C2004C58E6 /* FBStorage.swift */; };
		F4D3EB9725CAC7C2004C58E6 /* FBStorage.swift in Sources */ = {isa = PBXBuildFile; fileRef = F4D3EB9525CAC7C2004C58E6 /* FBStorage.swift */; };
		F4D3EB9825CAC7C2004C58E6 /* FBStorage.swift in Sources */ = {isa = PBXBuildFile; fileRef = F4D3EB9525CAC7C2004C58E6 /* FBStorage.swift */; };
		F4D3EB9D25CAC7D1004C58E6 /* FBDatabase.swift in Sources */ = {isa = PBXBuildFile; fileRef = F4D3EB9C25CAC7D1004C58E6 /* FBDatabase.swift */; };
/* End PBXBuildFile section */

/* Begin PBXContainerItemProxy section */
		F421869425CA521500212456 /* PBXContainerItemProxy */ = {
			isa = PBXContainerItemProxy;
			containerPortal = F421867525CA521300212456 /* Project object */;
			proxyType = 1;
			remoteGlobalIDString = F421867C25CA521400212456;
			remoteInfo = AppCard;
		};
		F421869F25CA521500212456 /* PBXContainerItemProxy */ = {
			isa = PBXContainerItemProxy;
			containerPortal = F421867525CA521300212456 /* Project object */;
			proxyType = 1;
			remoteGlobalIDString = F421867C25CA521400212456;
			remoteInfo = AppCard;
		};
/* End PBXContainerItemProxy section */

/* Begin PBXFileReference section */
		34ECA28379F1D4CF3B75EC7F /* libPods-AppCardTests.a */ = {isa = PBXFileReference; explicitFileType = archive.ar; includeInIndex = 0; path = "libPods-AppCardTests.a"; sourceTree = BUILT_PRODUCTS_DIR; };
		51107967AD62222C06EBC05F /* Pods-AppCard.debug.xcconfig */ = {isa = PBXFileReference; includeInIndex = 1; lastKnownFileType = text.xcconfig; name = "Pods-AppCard.debug.xcconfig"; path = "Target Support Files/Pods-AppCard/Pods-AppCard.debug.xcconfig"; sourceTree = "<group>"; };
		5E6F66F9A406C8C6558EB48C /* Pods-AppCardTests.debug.xcconfig */ = {isa = PBXFileReference; includeInIndex = 1; lastKnownFileType = text.xcconfig; name = "Pods-AppCardTests.debug.xcconfig"; path = "Target Support Files/Pods-AppCardTests/Pods-AppCardTests.debug.xcconfig"; sourceTree = "<group>"; };
		813D625B2A699E4738489CB4 /* Pods-AppCard.release.xcconfig */ = {isa = PBXFileReference; includeInIndex = 1; lastKnownFileType = text.xcconfig; name = "Pods-AppCard.release.xcconfig"; path = "Target Support Files/Pods-AppCard/Pods-AppCard.release.xcconfig"; sourceTree = "<group>"; };
		975DB45DA9132779863DF673 /* libPods-AppCard.a */ = {isa = PBXFileReference; explicitFileType = archive.ar; includeInIndex = 0; path = "libPods-AppCard.a"; sourceTree = BUILT_PRODUCTS_DIR; };
		F421867D25CA521400212456 /* AppCard.app */ = {isa = PBXFileReference; explicitFileType = wrapper.application; includeInIndex = 0; path = AppCard.app; sourceTree = BUILT_PRODUCTS_DIR; };
		F421868025CA521400212456 /* AppDelegate.swift */ = {isa = PBXFileReference; lastKnownFileType = sourcecode.swift; path = AppDelegate.swift; sourceTree = "<group>"; };
		F421868725CA521400212456 /* Base */ = {isa = PBXFileReference; lastKnownFileType = file.storyboard; name = Base; path = Base.lproj/Main.storyboard; sourceTree = "<group>"; };
		F421868925CA521500212456 /* Assets.xcassets */ = {isa = PBXFileReference; lastKnownFileType = folder.assetcatalog; path = Assets.xcassets; sourceTree = "<group>"; };
		F421868C25CA521500212456 /* Base */ = {isa = PBXFileReference; lastKnownFileType = file.storyboard; name = Base; path = Base.lproj/LaunchScreen.storyboard; sourceTree = "<group>"; };
		F421868E25CA521500212456 /* Info.plist */ = {isa = PBXFileReference; lastKnownFileType = text.plist.xml; path = Info.plist; sourceTree = "<group>"; };
		F421869325CA521500212456 /* AppCardTests.xctest */ = {isa = PBXFileReference; explicitFileType = wrapper.cfbundle; includeInIndex = 0; path = AppCardTests.xctest; sourceTree = BUILT_PRODUCTS_DIR; };
		F421869725CA521500212456 /* AppCardTests.swift */ = {isa = PBXFileReference; lastKnownFileType = sourcecode.swift; path = AppCardTests.swift; sourceTree = "<group>"; };
		F421869925CA521500212456 /* Info.plist */ = {isa = PBXFileReference; lastKnownFileType = text.plist.xml; path = Info.plist; sourceTree = "<group>"; };
		F421869E25CA521500212456 /* AppCardUITests.xctest */ = {isa = PBXFileReference; explicitFileType = wrapper.cfbundle; includeInIndex = 0; path = AppCardUITests.xctest; sourceTree = BUILT_PRODUCTS_DIR; };
		F42186A225CA521500212456 /* AppCardUITests.swift */ = {isa = PBXFileReference; lastKnownFileType = sourcecode.swift; path = AppCardUITests.swift; sourceTree = "<group>"; };
		F42186A425CA521500212456 /* Info.plist */ = {isa = PBXFileReference; lastKnownFileType = text.plist.xml; path = Info.plist; sourceTree = "<group>"; };
		F42186D425CA571900212456 /* MainPresenter.swift */ = {isa = PBXFileReference; lastKnownFileType = sourcecode.swift; path = MainPresenter.swift; sourceTree = "<group>"; };
		F42186D525CA571900212456 /* MainWorker.swift */ = {isa = PBXFileReference; lastKnownFileType = sourcecode.swift; path = MainWorker.swift; sourceTree = "<group>"; };
		F42186D625CA571900212456 /* MainRouter.swift */ = {isa = PBXFileReference; lastKnownFileType = sourcecode.swift; path = MainRouter.swift; sourceTree = "<group>"; };
		F42186D725CA571900212456 /* MainModels.swift */ = {isa = PBXFileReference; lastKnownFileType = sourcecode.swift; path = MainModels.swift; sourceTree = "<group>"; };
		F42186D825CA571900212456 /* MainViewController.swift */ = {isa = PBXFileReference; lastKnownFileType = sourcecode.swift; path = MainViewController.swift; sourceTree = "<group>"; };
		F42186D925CA571900212456 /* MainInteractor.swift */ = {isa = PBXFileReference; lastKnownFileType = sourcecode.swift; path = MainInteractor.swift; sourceTree = "<group>"; };
		F42186F225CA57DC00212456 /* Config.swift */ = {isa = PBXFileReference; fileEncoding = 4; lastKnownFileType = sourcecode.swift; path = Config.swift; sourceTree = "<group>"; };
		F421870325CA5BCD00212456 /* GoogleService-Info.plist */ = {isa = PBXFileReference; fileEncoding = 4; lastKnownFileType = text.plist.xml; path = "GoogleService-Info.plist"; sourceTree = "<group>"; };
		F484D49725D11CD50086D971 /* MainViewControllerTests.swift */ = {isa = PBXFileReference; fileEncoding = 4; lastKnownFileType = sourcecode.swift; path = MainViewControllerTests.swift; sourceTree = "<group>"; };
		F484D49825D11CD50086D971 /* MainInteractorTests.swift */ = {isa = PBXFileReference; fileEncoding = 4; lastKnownFileType = sourcecode.swift; path = MainInteractorTests.swift; sourceTree = "<group>"; };
		F484D49925D11CD50086D971 /* MainPresenterTests.swift */ = {isa = PBXFileReference; fileEncoding = 4; lastKnownFileType = sourcecode.swift; path = MainPresenterTests.swift; sourceTree = "<group>"; };
		F484D51525D12FE80086D971 /* appcard-export.json */ = {isa = PBXFileReference; fileEncoding = 4; lastKnownFileType = text.json; path = "appcard-export.json"; sourceTree = "<group>"; };
		F484D51E25D1309B0086D971 /* XCTextCase+Extension.swift */ = {isa = PBXFileReference; lastKnownFileType = sourcecode.swift; path = "XCTextCase+Extension.swift"; sourceTree = "<group>"; };
		F484D52B25D134870086D971 /* Data+Extension.swift */ = {isa = PBXFileReference; lastKnownFileType = sourcecode.swift; path = "Data+Extension.swift"; sourceTree = "<group>"; };
		F484D53325D15CC00086D971 /* Seeds.swift */ = {isa = PBXFileReference; lastKnownFileType = sourcecode.swift; path = Seeds.swift; sourceTree = "<group>"; };
		F49DA51125CD60A300FF936C /* MainListCell.swift */ = {isa = PBXFileReference; lastKnownFileType = sourcecode.swift; path = MainListCell.swift; sourceTree = "<group>"; };
		F49DA51825CD674600FF936C /* CALayer+Extension.swift */ = {isa = PBXFileReference; fileEncoding = 4; lastKnownFileType = sourcecode.swift; path = "CALayer+Extension.swift"; sourceTree = "<group>"; };
		F49DECC525CE539000DB8621 /* DateFormatter+Extension.swift */ = {isa = PBXFileReference; fileEncoding = 4; lastKnownFileType = sourcecode.swift; path = "DateFormatter+Extension.swift"; sourceTree = "<group>"; };
		F49DECCF25CE8B2200DB8621 /* MainNotiCell.swift */ = {isa = PBXFileReference; lastKnownFileType = sourcecode.swift; path = MainNotiCell.swift; sourceTree = "<group>"; };
		F49DECD625CE8B4400DB8621 /* MainNoBackCell.swift */ = {isa = PBXFileReference; lastKnownFileType = sourcecode.swift; path = MainNoBackCell.swift; sourceTree = "<group>"; };
		F4D3EB7F25CAB45A004C58E6 /* UIColor+Extension.swift */ = {isa = PBXFileReference; fileEncoding = 4; lastKnownFileType = sourcecode.swift; path = "UIColor+Extension.swift"; sourceTree = "<group>"; };
		F4D3EB9525CAC7C2004C58E6 /* FBStorage.swift */ = {isa = PBXFileReference; lastKnownFileType = sourcecode.swift; path = FBStorage.swift; sourceTree = "<group>"; };
		F4D3EB9C25CAC7D1004C58E6 /* FBDatabase.swift */ = {isa = PBXFileReference; lastKnownFileType = sourcecode.swift; path = FBDatabase.swift; sourceTree = "<group>"; };
		F688D5D55C19C137148E01C0 /* Pods-AppCardTests.release.xcconfig */ = {isa = PBXFileReference; includeInIndex = 1; lastKnownFileType = text.xcconfig; name = "Pods-AppCardTests.release.xcconfig"; path = "Target Support Files/Pods-AppCardTests/Pods-AppCardTests.release.xcconfig"; sourceTree = "<group>"; };
/* End PBXFileReference section */

/* Begin PBXFrameworksBuildPhase section */
		F421867A25CA521400212456 /* Frameworks */ = {
			isa = PBXFrameworksBuildPhase;
			buildActionMask = 2147483647;
			files = (
				32DF89E4A2D61A2E0C8EA6D6 /* libPods-AppCard.a in Frameworks */,
			);
			runOnlyForDeploymentPostprocessing = 0;
		};
		F421869025CA521500212456 /* Frameworks */ = {
			isa = PBXFrameworksBuildPhase;
			buildActionMask = 2147483647;
			files = (
				0B2882D55D809CCF3A2DF497 /* libPods-AppCardTests.a in Frameworks */,
			);
			runOnlyForDeploymentPostprocessing = 0;
		};
		F421869B25CA521500212456 /* Frameworks */ = {
			isa = PBXFrameworksBuildPhase;
			buildActionMask = 2147483647;
			files = (
			);
			runOnlyForDeploymentPostprocessing = 0;
		};
/* End PBXFrameworksBuildPhase section */

/* Begin PBXGroup section */
		2CDFE02D71EC2589311CE8C9 /* Pods */ = {
			isa = PBXGroup;
			children = (
				51107967AD62222C06EBC05F /* Pods-AppCard.debug.xcconfig */,
				813D625B2A699E4738489CB4 /* Pods-AppCard.release.xcconfig */,
				5E6F66F9A406C8C6558EB48C /* Pods-AppCardTests.debug.xcconfig */,
				F688D5D55C19C137148E01C0 /* Pods-AppCardTests.release.xcconfig */,
			);
			path = Pods;
			sourceTree = "<group>";
		};
		EBA629267BCF193CB7E6F661 /* Frameworks */ = {
			isa = PBXGroup;
			children = (
				975DB45DA9132779863DF673 /* libPods-AppCard.a */,
				34ECA28379F1D4CF3B75EC7F /* libPods-AppCardTests.a */,
			);
			name = Frameworks;
			sourceTree = "<group>";
		};
		F421867425CA521300212456 = {
			isa = PBXGroup;
			children = (
				F421867F25CA521400212456 /* AppCard */,
				F421869625CA521500212456 /* AppCardTests */,
				F42186A125CA521500212456 /* AppCardUITests */,
				F421867E25CA521400212456 /* Products */,
				2CDFE02D71EC2589311CE8C9 /* Pods */,
				EBA629267BCF193CB7E6F661 /* Frameworks */,
			);
			sourceTree = "<group>";
		};
		F421867E25CA521400212456 /* Products */ = {
			isa = PBXGroup;
			children = (
				F421867D25CA521400212456 /* AppCard.app */,
				F421869325CA521500212456 /* AppCardTests.xctest */,
				F421869E25CA521500212456 /* AppCardUITests.xctest */,
			);
			name = Products;
			sourceTree = "<group>";
		};
		F421867F25CA521400212456 /* AppCard */ = {
			isa = PBXGroup;
			children = (
				F42186D225CA56CF00212456 /* Scene */,
				F42186FF25CA5A1800212456 /* Service */,
				F4D3EB7E25CAB42E004C58E6 /* Extension */,
				F421868025CA521400212456 /* AppDelegate.swift */,
				F42186F225CA57DC00212456 /* Config.swift */,
				F421868625CA521400212456 /* Main.storyboard */,
				F421868925CA521500212456 /* Assets.xcassets */,
				F421868B25CA521500212456 /* LaunchScreen.storyboard */,
				F421868E25CA521500212456 /* Info.plist */,
				F421870325CA5BCD00212456 /* GoogleService-Info.plist */,
			);
			path = AppCard;
			sourceTree = "<group>";
		};
		F421869625CA521500212456 /* AppCardTests */ = {
			isa = PBXGroup;
			children = (
				F484D51D25D130880086D971 /* Extension */,
				F484D49125D11CD50086D971 /* Scenes */,
				F421869725CA521500212456 /* AppCardTests.swift */,
				F484D51525D12FE80086D971 /* appcard-export.json */,
				F421869925CA521500212456 /* Info.plist */,
				F484D53325D15CC00086D971 /* Seeds.swift */,
			);
			path = AppCardTests;
			sourceTree = "<group>";
		};
		F42186A125CA521500212456 /* AppCardUITests */ = {
			isa = PBXGroup;
			children = (
				F42186A225CA521500212456 /* AppCardUITests.swift */,
				F42186A425CA521500212456 /* Info.plist */,
			);
			path = AppCardUITests;
			sourceTree = "<group>";
		};
		F42186D225CA56CF00212456 /* Scene */ = {
			isa = PBXGroup;
			children = (
				F42186D325CA56E100212456 /* Main */,
			);
			path = Scene;
			sourceTree = "<group>";
		};
		F42186D325CA56E100212456 /* Main */ = {
			isa = PBXGroup;
			children = (
				F49DA50D25CD605C00FF936C /* cell */,
				F42186D425CA571900212456 /* MainPresenter.swift */,
				F42186D525CA571900212456 /* MainWorker.swift */,
				F42186D625CA571900212456 /* MainRouter.swift */,
				F42186D725CA571900212456 /* MainModels.swift */,
				F42186D825CA571900212456 /* MainViewController.swift */,
				F42186D925CA571900212456 /* MainInteractor.swift */,
			);
			path = Main;
			sourceTree = "<group>";
		};
		F42186FF25CA5A1800212456 /* Service */ = {
			isa = PBXGroup;
			children = (
				F4D3EB9525CAC7C2004C58E6 /* FBStorage.swift */,
				F4D3EB9C25CAC7D1004C58E6 /* FBDatabase.swift */,
			);
			path = Service;
			sourceTree = "<group>";
		};
		F484D49125D11CD50086D971 /* Scenes */ = {
			isa = PBXGroup;
			children = (
				F484D49625D11CD50086D971 /* Main */,
			);
			path = Scenes;
			sourceTree = "<group>";
		};
		F484D49625D11CD50086D971 /* Main */ = {
			isa = PBXGroup;
			children = (
				F484D49725D11CD50086D971 /* MainViewControllerTests.swift */,
				F484D49825D11CD50086D971 /* MainInteractorTests.swift */,
				F484D49925D11CD50086D971 /* MainPresenterTests.swift */,
			);
			path = Main;
			sourceTree = "<group>";
		};
		F484D51D25D130880086D971 /* Extension */ = {
			isa = PBXGroup;
			children = (
				F484D51E25D1309B0086D971 /* XCTextCase+Extension.swift */,
				F484D52B25D134870086D971 /* Data+Extension.swift */,
			);
			path = Extension;
			sourceTree = "<group>";
		};
		F49DA50D25CD605C00FF936C /* cell */ = {
			isa = PBXGroup;
			children = (
				F49DA51125CD60A300FF936C /* MainListCell.swift */,
				F49DECCF25CE8B2200DB8621 /* MainNotiCell.swift */,
				F49DECD625CE8B4400DB8621 /* MainNoBackCell.swift */,
			);
			path = cell;
			sourceTree = "<group>";
		};
		F4D3EB7E25CAB42E004C58E6 /* Extension */ = {
			isa = PBXGroup;
			children = (
				F4D3EB7F25CAB45A004C58E6 /* UIColor+Extension.swift */,
				F49DA51825CD674600FF936C /* CALayer+Extension.swift */,
				F49DECC525CE539000DB8621 /* DateFormatter+Extension.swift */,
			);
			path = Extension;
			sourceTree = "<group>";
		};
/* End PBXGroup section */

/* Begin PBXNativeTarget section */
		F421867C25CA521400212456 /* AppCard */ = {
			isa = PBXNativeTarget;
			buildConfigurationList = F42186A725CA521500212456 /* Build configuration list for PBXNativeTarget "AppCard" */;
			buildPhases = (
				890DD20C210090C143D65DCF /* [CP] Check Pods Manifest.lock */,
				F421867925CA521400212456 /* Sources */,
				F421867A25CA521400212456 /* Frameworks */,
				F421867B25CA521400212456 /* Resources */,
			);
			buildRules = (
			);
			dependencies = (
			);
			name = AppCard;
			productName = AppCard;
			productReference = F421867D25CA521400212456 /* AppCard.app */;
			productType = "com.apple.product-type.application";
		};
		F421869225CA521500212456 /* AppCardTests */ = {
			isa = PBXNativeTarget;
			buildConfigurationList = F42186AA25CA521500212456 /* Build configuration list for PBXNativeTarget "AppCardTests" */;
			buildPhases = (
				D1346EF303B5BF779DFA0DB3 /* [CP] Check Pods Manifest.lock */,
				F421868F25CA521500212456 /* Sources */,
				F421869025CA521500212456 /* Frameworks */,
				F421869125CA521500212456 /* Resources */,
			);
			buildRules = (
			);
			dependencies = (
				F421869525CA521500212456 /* PBXTargetDependency */,
			);
			name = AppCardTests;
			productName = AppCardTests;
			productReference = F421869325CA521500212456 /* AppCardTests.xctest */;
			productType = "com.apple.product-type.bundle.unit-test";
		};
		F421869D25CA521500212456 /* AppCardUITests */ = {
			isa = PBXNativeTarget;
			buildConfigurationList = F42186AD25CA521500212456 /* Build configuration list for PBXNativeTarget "AppCardUITests" */;
			buildPhases = (
				F421869A25CA521500212456 /* Sources */,
				F421869B25CA521500212456 /* Frameworks */,
				F421869C25CA521500212456 /* Resources */,
			);
			buildRules = (
			);
			dependencies = (
				F42186A025CA521500212456 /* PBXTargetDependency */,
			);
			name = AppCardUITests;
			productName = AppCardUITests;
			productReference = F421869E25CA521500212456 /* AppCardUITests.xctest */;
			productType = "com.apple.product-type.bundle.ui-testing";
		};
/* End PBXNativeTarget section */

/* Begin PBXProject section */
		F421867525CA521300212456 /* Project object */ = {
			isa = PBXProject;
			attributes = {
				LastSwiftUpdateCheck = 1200;
				LastUpgradeCheck = 1200;
				TargetAttributes = {
					F421867C25CA521400212456 = {
						CreatedOnToolsVersion = 12.0;
					};
					F421869225CA521500212456 = {
						CreatedOnToolsVersion = 12.0;
						TestTargetID = F421867C25CA521400212456;
					};
					F421869D25CA521500212456 = {
						CreatedOnToolsVersion = 12.0;
						TestTargetID = F421867C25CA521400212456;
					};
				};
			};
			buildConfigurationList = F421867825CA521300212456 /* Build configuration list for PBXProject "AppCard" */;
			compatibilityVersion = "Xcode 9.3";
			developmentRegion = en;
			hasScannedForEncodings = 0;
			knownRegions = (
				en,
				Base,
			);
			mainGroup = F421867425CA521300212456;
			productRefGroup = F421867E25CA521400212456 /* Products */;
			projectDirPath = "";
			projectRoot = "";
			targets = (
				F421867C25CA521400212456 /* AppCard */,
				F421869225CA521500212456 /* AppCardTests */,
				F421869D25CA521500212456 /* AppCardUITests */,
			);
		};
/* End PBXProject section */

/* Begin PBXResourcesBuildPhase section */
		F421867B25CA521400212456 /* Resources */ = {
			isa = PBXResourcesBuildPhase;
			buildActionMask = 2147483647;
			files = (
				F421870425CA5BCD00212456 /* GoogleService-Info.plist in Resources */,
				F421868D25CA521500212456 /* LaunchScreen.storyboard in Resources */,
				F421868A25CA521500212456 /* Assets.xcassets in Resources */,
				F484D55025D164C40086D971 /* Main.storyboard in Resources */,
			);
			runOnlyForDeploymentPostprocessing = 0;
		};
		F421869125CA521500212456 /* Resources */ = {
			isa = PBXResourcesBuildPhase;
			buildActionMask = 2147483647;
			files = (
				F484D56625D1656C0086D971 /* Main.storyboard in Resources */,
				F421870525CA5BCD00212456 /* GoogleService-Info.plist in Resources */,
				F484D5F025D166220086D971 /* Assets.xcassets in Resources */,
				F484D5F825D166240086D971 /* LaunchScreen.storyboard in Resources */,
				F484D51625D12FE80086D971 /* appcard-export.json in Resources */,
			);
			runOnlyForDeploymentPostprocessing = 0;
		};
		F421869C25CA521500212456 /* Resources */ = {
			isa = PBXResourcesBuildPhase;
			buildActionMask = 2147483647;
			files = (
				F421870625CA5BCD00212456 /* GoogleService-Info.plist in Resources */,
				F484D5F925D166250086D971 /* LaunchScreen.storyboard in Resources */,
				F484D5F425D166220086D971 /* Assets.xcassets in Resources */,
				F484D5EC25D1661E0086D971 /* Main.storyboard in Resources */,
			);
			runOnlyForDeploymentPostprocessing = 0;
		};
/* End PBXResourcesBuildPhase section */

/* Begin PBXShellScriptBuildPhase section */
		890DD20C210090C143D65DCF /* [CP] Check Pods Manifest.lock */ = {
			isa = PBXShellScriptBuildPhase;
			buildActionMask = 2147483647;
			files = (
			);
			inputFileListPaths = (
			);
			inputPaths = (
				"${PODS_PODFILE_DIR_PATH}/Podfile.lock",
				"${PODS_ROOT}/Manifest.lock",
			);
			name = "[CP] Check Pods Manifest.lock";
			outputFileListPaths = (
			);
			outputPaths = (
				"$(DERIVED_FILE_DIR)/Pods-AppCard-checkManifestLockResult.txt",
			);
			runOnlyForDeploymentPostprocessing = 0;
			shellPath = /bin/sh;
			shellScript = "diff \"${PODS_PODFILE_DIR_PATH}/Podfile.lock\" \"${PODS_ROOT}/Manifest.lock\" > /dev/null\nif [ $? != 0 ] ; then\n    # print error to STDERR\n    echo \"error: The sandbox is not in sync with the Podfile.lock. Run 'pod install' or update your CocoaPods installation.\" >&2\n    exit 1\nfi\n# This output is used by Xcode 'outputs' to avoid re-running this script phase.\necho \"SUCCESS\" > \"${SCRIPT_OUTPUT_FILE_0}\"\n";
			showEnvVarsInLog = 0;
		};
		D1346EF303B5BF779DFA0DB3 /* [CP] Check Pods Manifest.lock */ = {
			isa = PBXShellScriptBuildPhase;
			buildActionMask = 2147483647;
			files = (
			);
			inputFileListPaths = (
			);
			inputPaths = (
				"${PODS_PODFILE_DIR_PATH}/Podfile.lock",
				"${PODS_ROOT}/Manifest.lock",
			);
			name = "[CP] Check Pods Manifest.lock";
			outputFileListPaths = (
			);
			outputPaths = (
				"$(DERIVED_FILE_DIR)/Pods-AppCardTests-checkManifestLockResult.txt",
			);
			runOnlyForDeploymentPostprocessing = 0;
			shellPath = /bin/sh;
			shellScript = "diff \"${PODS_PODFILE_DIR_PATH}/Podfile.lock\" \"${PODS_ROOT}/Manifest.lock\" > /dev/null\nif [ $? != 0 ] ; then\n    # print error to STDERR\n    echo \"error: The sandbox is not in sync with the Podfile.lock. Run 'pod install' or update your CocoaPods installation.\" >&2\n    exit 1\nfi\n# This output is used by Xcode 'outputs' to avoid re-running this script phase.\necho \"SUCCESS\" > \"${SCRIPT_OUTPUT_FILE_0}\"\n";
			showEnvVarsInLog = 0;
		};
/* End PBXShellScriptBuildPhase section */

/* Begin PBXSourcesBuildPhase section */
		F421867925CA521400212456 /* Sources */ = {
			isa = PBXSourcesBuildPhase;
			buildActionMask = 2147483647;
			files = (
				F421868125CA521400212456 /* AppDelegate.swift in Sources */,
				F42186DD25CA571900212456 /* MainWorker.swift in Sources */,
				F49DA51225CD60A300FF936C /* MainListCell.swift in Sources */,
				F4D3EB9625CAC7C2004C58E6 /* FBStorage.swift in Sources */,
				F42186DA25CA571900212456 /* MainPresenter.swift in Sources */,
				F4D3EB9D25CAC7D1004C58E6 /* FBDatabase.swift in Sources */,
				F42186E925CA571900212456 /* MainInteractor.swift in Sources */,
				F49DECD725CE8B4400DB8621 /* MainNoBackCell.swift in Sources */,
				F49DECC625CE539000DB8621 /* DateFormatter+Extension.swift in Sources */,
				F42186E325CA571900212456 /* MainModels.swift in Sources */,
				F49DA51925CD674600FF936C /* CALayer+Extension.swift in Sources */,
				F42186E025CA571900212456 /* MainRouter.swift in Sources */,
				F49DECD025CE8B2200DB8621 /* MainNotiCell.swift in Sources */,
				F42186E625CA571900212456 /* MainViewController.swift in Sources */,
				F42186F325CA57DC00212456 /* Config.swift in Sources */,
				F4D3EB8025CAB45A004C58E6 /* UIColor+Extension.swift in Sources */,
			);
			runOnlyForDeploymentPostprocessing = 0;
		};
		F421868F25CA521500212456 /* Sources */ = {
			isa = PBXSourcesBuildPhase;
			buildActionMask = 2147483647;
			files = (
				F484D5DC25D166170086D971 /* AppDelegate.swift in Sources */,
				F421869825CA521500212456 /* AppCardTests.swift in Sources */,
				F4D3EB9725CAC7C2004C58E6 /* FBStorage.swift in Sources */,
				F484D4AE25D11CD50086D971 /* MainPresenterTests.swift in Sources */,
				F484D59D25D165F30086D971 /* MainListCell.swift in Sources */,
				F484D60925D166FD0086D971 /* MainInteractor.swift in Sources */,
				F484D61C25D167040086D971 /* FBDatabase.swift in Sources */,
				F484D5CA25D166060086D971 /* MainModels.swift in Sources */,
				F484D53425D15CC00086D971 /* Seeds.swift in Sources */,
				F4D3EB8125CAB45A004C58E6 /* UIColor+Extension.swift in Sources */,
				F484D51F25D1309B0086D971 /* XCTextCase+Extension.swift in Sources */,
				F484D55B25D165280086D971 /* MainViewControllerTests.swift in Sources */,
				F484D5AD25D165FA0086D971 /* MainNoBackCell.swift in Sources */,
				F484D4AB25D11CD50086D971 /* MainInteractorTests.swift in Sources */,
				F484D5B525D165FE0086D971 /* MainPresenter.swift in Sources */,
				F484D5A525D165F60086D971 /* MainNotiCell.swift in Sources */,
				F49DECC725CE539000DB8621 /* DateFormatter+Extension.swift in Sources */,
				F484D5E425D1661B0086D971 /* Config.swift in Sources */,
				F484D52C25D134870086D971 /* Data+Extension.swift in Sources */,
				F49DA51A25CD674600FF936C /* CALayer+Extension.swift in Sources */,
				F484D5C225D166040086D971 /* MainRouter.swift in Sources */,
				F484D61125D166FF0086D971 /* MainWorker.swift in Sources */,
				F484D5CF25D166080086D971 /* MainViewController.swift in Sources */,
			);
			runOnlyForDeploymentPostprocessing = 0;
		};
		F421869A25CA521500212456 /* Sources */ = {
			isa = PBXSourcesBuildPhase;
			buildActionMask = 2147483647;
			files = (
				F42186A325CA521500212456 /* AppCardUITests.swift in Sources */,
				F4D3EB9825CAC7C2004C58E6 /* FBStorage.swift in Sources */,
				F484D5B125D165FB0086D971 /* MainNoBackCell.swift in Sources */,
				F484D5E825D1661B0086D971 /* Config.swift in Sources */,
				F4D3EB8225CAB45A004C58E6 /* UIColor+Extension.swift in Sources */,
				F484D5C625D166040086D971 /* MainRouter.swift in Sources */,
				F484D5B925D165FE0086D971 /* MainPresenter.swift in Sources */,
				F484D5D325D166090086D971 /* MainViewController.swift in Sources */,
				F484D60D25D166FD0086D971 /* MainInteractor.swift in Sources */,
				F484D5E025D166170086D971 /* AppDelegate.swift in Sources */,
				F484D5A925D165F70086D971 /* MainNotiCell.swift in Sources */,
				F484D5A125D165F30086D971 /* MainListCell.swift in Sources */,
				F49DECC825CE539000DB8621 /* DateFormatter+Extension.swift in Sources */,
				F484D5CB25D166060086D971 /* MainModels.swift in Sources */,
				F49DA51B25CD674600FF936C /* CALayer+Extension.swift in Sources */,
			);
			runOnlyForDeploymentPostprocessing = 0;
		};
/* End PBXSourcesBuildPhase section */

/* Begin PBXTargetDependency section */
		F421869525CA521500212456 /* PBXTargetDependency */ = {
			isa = PBXTargetDependency;
			target = F421867C25CA521400212456 /* AppCard */;
			targetProxy = F421869425CA521500212456 /* PBXContainerItemProxy */;
		};
		F42186A025CA521500212456 /* PBXTargetDependency */ = {
			isa = PBXTargetDependency;
			target = F421867C25CA521400212456 /* AppCard */;
			targetProxy = F421869F25CA521500212456 /* PBXContainerItemProxy */;
		};
/* End PBXTargetDependency section */

/* Begin PBXVariantGroup section */
		F421868625CA521400212456 /* Main.storyboard */ = {
			isa = PBXVariantGroup;
			children = (
				F421868725CA521400212456 /* Base */,
			);
			name = Main.storyboard;
			sourceTree = "<group>";
		};
		F421868B25CA521500212456 /* LaunchScreen.storyboard */ = {
			isa = PBXVariantGroup;
			children = (
				F421868C25CA521500212456 /* Base */,
			);
			name = LaunchScreen.storyboard;
			sourceTree = "<group>";
		};
/* End PBXVariantGroup section */

/* Begin XCBuildConfiguration section */
		F42186A525CA521500212456 /* Debug */ = {
			isa = XCBuildConfiguration;
			buildSettings = {
				ALWAYS_SEARCH_USER_PATHS = NO;
				CLANG_ANALYZER_NONNULL = YES;
				CLANG_ANALYZER_NUMBER_OBJECT_CONVERSION = YES_AGGRESSIVE;
				CLANG_CXX_LANGUAGE_STANDARD = "gnu++14";
				CLANG_CXX_LIBRARY = "libc++";
				CLANG_ENABLE_MODULES = YES;
				CLANG_ENABLE_OBJC_ARC = YES;
				CLANG_ENABLE_OBJC_WEAK = YES;
				CLANG_WARN_BLOCK_CAPTURE_AUTORELEASING = YES;
				CLANG_WARN_BOOL_CONVERSION = YES;
				CLANG_WARN_COMMA = YES;
				CLANG_WARN_CONSTANT_CONVERSION = YES;
				CLANG_WARN_DEPRECATED_OBJC_IMPLEMENTATIONS = YES;
				CLANG_WARN_DIRECT_OBJC_ISA_USAGE = YES_ERROR;
				CLANG_WARN_DOCUMENTATION_COMMENTS = YES;
				CLANG_WARN_EMPTY_BODY = YES;
				CLANG_WARN_ENUM_CONVERSION = YES;
				CLANG_WARN_INFINITE_RECURSION = YES;
				CLANG_WARN_INT_CONVERSION = YES;
				CLANG_WARN_NON_LITERAL_NULL_CONVERSION = YES;
				CLANG_WARN_OBJC_IMPLICIT_RETAIN_SELF = YES;
				CLANG_WARN_OBJC_LITERAL_CONVERSION = YES;
				CLANG_WARN_OBJC_ROOT_CLASS = YES_ERROR;
				CLANG_WARN_QUOTED_INCLUDE_IN_FRAMEWORK_HEADER = YES;
				CLANG_WARN_RANGE_LOOP_ANALYSIS = YES;
				CLANG_WARN_STRICT_PROTOTYPES = YES;
				CLANG_WARN_SUSPICIOUS_MOVE = YES;
				CLANG_WARN_UNGUARDED_AVAILABILITY = YES_AGGRESSIVE;
				CLANG_WARN_UNREACHABLE_CODE = YES;
				CLANG_WARN__DUPLICATE_METHOD_MATCH = YES;
				COPY_PHASE_STRIP = NO;
				DEBUG_INFORMATION_FORMAT = dwarf;
				ENABLE_STRICT_OBJC_MSGSEND = YES;
				ENABLE_TESTABILITY = YES;
				GCC_C_LANGUAGE_STANDARD = gnu11;
				GCC_DYNAMIC_NO_PIC = NO;
				GCC_NO_COMMON_BLOCKS = YES;
				GCC_OPTIMIZATION_LEVEL = 0;
				GCC_PREPROCESSOR_DEFINITIONS = (
					"DEBUG=1",
					"$(inherited)",
				);
				GCC_WARN_64_TO_32_BIT_CONVERSION = YES;
				GCC_WARN_ABOUT_RETURN_TYPE = YES_ERROR;
				GCC_WARN_UNDECLARED_SELECTOR = YES;
				GCC_WARN_UNINITIALIZED_AUTOS = YES_AGGRESSIVE;
				GCC_WARN_UNUSED_FUNCTION = YES;
				GCC_WARN_UNUSED_VARIABLE = YES;
				IPHONEOS_DEPLOYMENT_TARGET = 14.0;
				MTL_ENABLE_DEBUG_INFO = INCLUDE_SOURCE;
				MTL_FAST_MATH = YES;
				ONLY_ACTIVE_ARCH = YES;
				SDKROOT = iphoneos;
				SWIFT_ACTIVE_COMPILATION_CONDITIONS = DEBUG;
				SWIFT_OPTIMIZATION_LEVEL = "-Onone";
			};
			name = Debug;
		};
		F42186A625CA521500212456 /* Release */ = {
			isa = XCBuildConfiguration;
			buildSettings = {
				ALWAYS_SEARCH_USER_PATHS = NO;
				CLANG_ANALYZER_NONNULL = YES;
				CLANG_ANALYZER_NUMBER_OBJECT_CONVERSION = YES_AGGRESSIVE;
				CLANG_CXX_LANGUAGE_STANDARD = "gnu++14";
				CLANG_CXX_LIBRARY = "libc++";
				CLANG_ENABLE_MODULES = YES;
				CLANG_ENABLE_OBJC_ARC = YES;
				CLANG_ENABLE_OBJC_WEAK = YES;
				CLANG_WARN_BLOCK_CAPTURE_AUTORELEASING = YES;
				CLANG_WARN_BOOL_CONVERSION = YES;
				CLANG_WARN_COMMA = YES;
				CLANG_WARN_CONSTANT_CONVERSION = YES;
				CLANG_WARN_DEPRECATED_OBJC_IMPLEMENTATIONS = YES;
				CLANG_WARN_DIRECT_OBJC_ISA_USAGE = YES_ERROR;
				CLANG_WARN_DOCUMENTATION_COMMENTS = YES;
				CLANG_WARN_EMPTY_BODY = YES;
				CLANG_WARN_ENUM_CONVERSION = YES;
				CLANG_WARN_INFINITE_RECURSION = YES;
				CLANG_WARN_INT_CONVERSION = YES;
				CLANG_WARN_NON_LITERAL_NULL_CONVERSION = YES;
				CLANG_WARN_OBJC_IMPLICIT_RETAIN_SELF = YES;
				CLANG_WARN_OBJC_LITERAL_CONVERSION = YES;
				CLANG_WARN_OBJC_ROOT_CLASS = YES_ERROR;
				CLANG_WARN_QUOTED_INCLUDE_IN_FRAMEWORK_HEADER = YES;
				CLANG_WARN_RANGE_LOOP_ANALYSIS = YES;
				CLANG_WARN_STRICT_PROTOTYPES = YES;
				CLANG_WARN_SUSPICIOUS_MOVE = YES;
				CLANG_WARN_UNGUARDED_AVAILABILITY = YES_AGGRESSIVE;
				CLANG_WARN_UNREACHABLE_CODE = YES;
				CLANG_WARN__DUPLICATE_METHOD_MATCH = YES;
				COPY_PHASE_STRIP = NO;
				DEBUG_INFORMATION_FORMAT = "dwarf-with-dsym";
				ENABLE_NS_ASSERTIONS = NO;
				ENABLE_STRICT_OBJC_MSGSEND = YES;
				GCC_C_LANGUAGE_STANDARD = gnu11;
				GCC_NO_COMMON_BLOCKS = YES;
				GCC_WARN_64_TO_32_BIT_CONVERSION = YES;
				GCC_WARN_ABOUT_RETURN_TYPE = YES_ERROR;
				GCC_WARN_UNDECLARED_SELECTOR = YES;
				GCC_WARN_UNINITIALIZED_AUTOS = YES_AGGRESSIVE;
				GCC_WARN_UNUSED_FUNCTION = YES;
				GCC_WARN_UNUSED_VARIABLE = YES;
				IPHONEOS_DEPLOYMENT_TARGET = 14.0;
				MTL_ENABLE_DEBUG_INFO = NO;
				MTL_FAST_MATH = YES;
				SDKROOT = iphoneos;
				SWIFT_COMPILATION_MODE = wholemodule;
				SWIFT_OPTIMIZATION_LEVEL = "-O";
				VALIDATE_PRODUCT = YES;
			};
			name = Release;
		};
		F42186A825CA521500212456 /* Debug */ = {
			isa = XCBuildConfiguration;
			baseConfigurationReference = 51107967AD62222C06EBC05F /* Pods-AppCard.debug.xcconfig */;
			buildSettings = {
				ASSETCATALOG_COMPILER_APPICON_NAME = AppIcon;
				ASSETCATALOG_COMPILER_GLOBAL_ACCENT_COLOR_NAME = AccentColor;
				CODE_SIGN_STYLE = Automatic;
				DEVELOPMENT_TEAM = F4K8647423;
				INFOPLIST_FILE = AppCard/Info.plist;
				IPHONEOS_DEPLOYMENT_TARGET = 11.0;
				LD_RUNPATH_SEARCH_PATHS = (
					"$(inherited)",
					"@executable_path/Frameworks",
				);
				PRODUCT_BUNDLE_IDENTIFIER = com.hjoon.AppCard;
				PRODUCT_NAME = "$(TARGET_NAME)";
				SWIFT_VERSION = 5.0;
				TARGETED_DEVICE_FAMILY = 1;
			};
			name = Debug;
		};
		F42186A925CA521500212456 /* Release */ = {
			isa = XCBuildConfiguration;
			baseConfigurationReference = 813D625B2A699E4738489CB4 /* Pods-AppCard.release.xcconfig */;
			buildSettings = {
				ASSETCATALOG_COMPILER_APPICON_NAME = AppIcon;
				ASSETCATALOG_COMPILER_GLOBAL_ACCENT_COLOR_NAME = AccentColor;
				CODE_SIGN_STYLE = Automatic;
				DEVELOPMENT_TEAM = F4K8647423;
				INFOPLIST_FILE = AppCard/Info.plist;
				IPHONEOS_DEPLOYMENT_TARGET = 11.0;
				LD_RUNPATH_SEARCH_PATHS = (
					"$(inherited)",
					"@executable_path/Frameworks",
				);
				PRODUCT_BUNDLE_IDENTIFIER = com.hjoon.AppCard;
				PRODUCT_NAME = "$(TARGET_NAME)";
				SWIFT_VERSION = 5.0;
				TARGETED_DEVICE_FAMILY = 1;
			};
			name = Release;
		};
		F42186AB25CA521500212456 /* Debug */ = {
			isa = XCBuildConfiguration;
			baseConfigurationReference = 5E6F66F9A406C8C6558EB48C /* Pods-AppCardTests.debug.xcconfig */;
			buildSettings = {
				ALWAYS_EMBED_SWIFT_STANDARD_LIBRARIES = YES;
				BUNDLE_LOADER = "$(TEST_HOST)";
				CODE_SIGN_STYLE = Automatic;
				DEVELOPMENT_TEAM = F4K8647423;
				INFOPLIST_FILE = AppCardTests/Info.plist;
				IPHONEOS_DEPLOYMENT_TARGET = 14.0;
				LD_RUNPATH_SEARCH_PATHS = (
					"$(inherited)",
					"@executable_path/Frameworks",
					"@loader_path/Frameworks",
				);
				PRODUCT_BUNDLE_IDENTIFIER = com.hjoon.AppCardTests;
				PRODUCT_NAME = "$(TARGET_NAME)";
				SWIFT_VERSION = 5.0;
				TARGETED_DEVICE_FAMILY = "1,2";
				TEST_HOST = "$(BUILT_PRODUCTS_DIR)/AppCard.app/AppCard";
			};
			name = Debug;
		};
		F42186AC25CA521500212456 /* Release */ = {
			isa = XCBuildConfiguration;
			baseConfigurationReference = F688D5D55C19C137148E01C0 /* Pods-AppCardTests.release.xcconfig */;
			buildSettings = {
				ALWAYS_EMBED_SWIFT_STANDARD_LIBRARIES = YES;
				BUNDLE_LOADER = "$(TEST_HOST)";
				CODE_SIGN_STYLE = Automatic;
				DEVELOPMENT_TEAM = F4K8647423;
				INFOPLIST_FILE = AppCardTests/Info.plist;
				IPHONEOS_DEPLOYMENT_TARGET = 14.0;
				LD_RUNPATH_SEARCH_PATHS = (
					"$(inherited)",
					"@executable_path/Frameworks",
					"@loader_path/Frameworks",
				);
				PRODUCT_BUNDLE_IDENTIFIER = com.hjoon.AppCardTests;
				PRODUCT_NAME = "$(TARGET_NAME)";
				SWIFT_VERSION = 5.0;
				TARGETED_DEVICE_FAMILY = "1,2";
				TEST_HOST = "$(BUILT_PRODUCTS_DIR)/AppCard.app/AppCard";
			};
			name = Release;
		};
		F42186AE25CA521500212456 /* Debug */ = {
			isa = XCBuildConfiguration;
			buildSettings = {
				ALWAYS_EMBED_SWIFT_STANDARD_LIBRARIES = YES;
				CODE_SIGN_STYLE = Automatic;
				DEVELOPMENT_TEAM = F4K8647423;
				INFOPLIST_FILE = AppCardUITests/Info.plist;
				LD_RUNPATH_SEARCH_PATHS = (
					"$(inherited)",
					"@executable_path/Frameworks",
					"@loader_path/Frameworks",
				);
				PRODUCT_BUNDLE_IDENTIFIER = com.hjoon.AppCardUITests;
				PRODUCT_NAME = "$(TARGET_NAME)";
				SWIFT_VERSION = 5.0;
				TARGETED_DEVICE_FAMILY = "1,2";
				TEST_TARGET_NAME = AppCard;
			};
			name = Debug;
		};
		F42186AF25CA521500212456 /* Release */ = {
			isa = XCBuildConfiguration;
			buildSettings = {
				ALWAYS_EMBED_SWIFT_STANDARD_LIBRARIES = YES;
				CODE_SIGN_STYLE = Automatic;
				DEVELOPMENT_TEAM = F4K8647423;
				INFOPLIST_FILE = AppCardUITests/Info.plist;
				LD_RUNPATH_SEARCH_PATHS = (
					"$(inherited)",
					"@executable_path/Frameworks",
					"@loader_path/Frameworks",
				);
				PRODUCT_BUNDLE_IDENTIFIER = com.hjoon.AppCardUITests;
				PRODUCT_NAME = "$(TARGET_NAME)";
				SWIFT_VERSION = 5.0;
				TARGETED_DEVICE_FAMILY = "1,2";
				TEST_TARGET_NAME = AppCard;
			};
			name = Release;
		};
/* End XCBuildConfiguration section */

/* Begin XCConfigurationList section */
		F421867825CA521300212456 /* Build configuration list for PBXProject "AppCard" */ = {
			isa = XCConfigurationList;
			buildConfigurations = (
				F42186A525CA521500212456 /* Debug */,
				F42186A625CA521500212456 /* Release */,
			);
			defaultConfigurationIsVisible = 0;
			defaultConfigurationName = Release;
		};
		F42186A725CA521500212456 /* Build configuration list for PBXNativeTarget "AppCard" */ = {
			isa = XCConfigurationList;
			buildConfigurations = (
				F42186A825CA521500212456 /* Debug */,
				F42186A925CA521500212456 /* Release */,
			);
			defaultConfigurationIsVisible = 0;
			defaultConfigurationName = Release;
		};
		F42186AA25CA521500212456 /* Build configuration list for PBXNativeTarget "AppCardTests" */ = {
			isa = XCConfigurationList;
			buildConfigurations = (
				F42186AB25CA521500212456 /* Debug */,
				F42186AC25CA521500212456 /* Release */,
			);
			defaultConfigurationIsVisible = 0;
			defaultConfigurationName = Release;
		};
		F42186AD25CA521500212456 /* Build configuration list for PBXNativeTarget "AppCardUITests" */ = {
			isa = XCConfigurationList;
			buildConfigurations = (
				F42186AE25CA521500212456 /* Debug */,
				F42186AF25CA521500212456 /* Release */,
			);
			defaultConfigurationIsVisible = 0;
			defaultConfigurationName = Release;
		};
/* End XCConfigurationList section */
	};
	rootObject = F421867525CA521300212456 /* Project object */;
}
